
Microsoft Visual Studio Solution File, Format Version 12.00
# Visual Studio Version 17
VisualStudioVersion = 17.1.32328.378
MinimumVisualStudioVersion = 10.0.40219.1
Project("{2150E333-8FDC-42A3-9474-1A3956D46DE8}") = "src", "src", "{6E2EC90C-A3F9-4D32-BB03-D9B4C6FC1732}"
EndProject
Project("{2150E333-8FDC-42A3-9474-1A3956D46DE8}") = "Presentations", "Presentations", "{69A66D22-38B5-4276-84D5-32DFEA5249CE}"
EndProject
Project("{9A19103F-16F7-4668-BE54-9A1E7A4F7556}") = "DynamicConfiguration.API", "src\Presentations\DynamicConfiguration.API\DynamicConfiguration.API.csproj", "{E4F1B55A-E3A8-41BE-82A0-B46FE52B278A}"
EndProject
Project("{9A19103F-16F7-4668-BE54-9A1E7A4F7556}") = "DynamicConfiguration.WEB", "src\Presentations\DynamicConfiguration.WEB\DynamicConfiguration.WEB.csproj", "{444C2D76-0F3F-4FF8-A8E6-DAD627E2AF7E}"
EndProject
Project("{2150E333-8FDC-42A3-9474-1A3956D46DE8}") = "Core", "Core", "{EC05F293-2203-42D6-805E-77082BFB516A}"
EndProject
Project("{9A19103F-16F7-4668-BE54-9A1E7A4F7556}") = "DynamicConfiguration.Core.Domain", "src\Core\DynamicConfiguration.Core.Domain\DynamicConfiguration.Core.Domain.csproj", "{FAA87B6C-AE34-41C4-803A-6FDE231C58BD}"
EndProject
Project("{9A19103F-16F7-4668-BE54-9A1E7A4F7556}") = "DynamicConfiguration.Core.Infrastructure", "src\Core\DynamicConfiguration.Core.Infrastructure\DynamicConfiguration.Core.Infrastructure.csproj", "{4B7FD279-E0B0-432D-AB12-D39E94F1E77E}"
EndProject
Project("{2150E333-8FDC-42A3-9474-1A3956D46DE8}") = "Hubs", "Hubs", "{1BC77BFA-0074-4D02-A687-DA50437D0C4C}"
EndProject
Project("{9A19103F-16F7-4668-BE54-9A1E7A4F7556}") = "Mongo.Hub", "src\Hubs\Mongo.Hub\Mongo.Hub.csproj", "{318862DF-F07F-42DB-8ED7-05E58DDD29A9}"
EndProject
Project("{9A19103F-16F7-4668-BE54-9A1E7A4F7556}") = "Redis.Hub", "src\Hubs\Redis.Hub\Redis.Hub.csproj", "{74C5DAFC-592B-44D3-8CBA-5E0A60868FFC}"
EndProject
Project("{9A19103F-16F7-4668-BE54-9A1E7A4F7556}") = "DynamicConfiguration.Core.Application", "src\Core\DynamicConfiguration.Core.Application\DynamicConfiguration.Core.Application.csproj", "{0B90BD3D-74A7-4051-A6F7-6DEF7A42681A}"
EndProject
Project("{2150E333-8FDC-42A3-9474-1A3956D46DE8}") = "Applications", "Applications", "{3489666E-1725-4175-A358-6FC3B2558AEB}"
EndProject
Project("{9A19103F-16F7-4668-BE54-9A1E7A4F7556}") = "DynamicConfiguration.Domain", "src\Applications\DynamicConfiguration.Domain\DynamicConfiguration.Domain.csproj", "{6CB55F68-9BB5-4EBC-9786-606A588BBAEA}"
EndProject
Project("{9A19103F-16F7-4668-BE54-9A1E7A4F7556}") = "DynamicConfiguration.Infrastructure", "src\Applications\DynamicConfiguration.Infrastructure\DynamicConfiguration.Infrastructure.csproj", "{9FFD71FB-28A6-41C4-B8B9-D839A3C14862}"
EndProject
Project("{9A19103F-16F7-4668-BE54-9A1E7A4F7556}") = "DynamicConfiguration.Application", "src\Applications\DynamicConfiguration.Application\DynamicConfiguration.Application.csproj", "{2ECBDF2E-30C6-4DBA-B02A-26394D9B47FB}"
EndProject
Project("{FAE04EC0-301F-11D3-BF4B-00C04F79EFBC}") = "DynamicConfiguration.CacheConsumer", "src\Presentations\DynamicConfiguration.CacheConsumer\DynamicConfiguration.CacheConsumer.csproj", "{2D993290-D65E-44DB-8C12-10455B003B51}"
EndProject
Project("{2150E333-8FDC-42A3-9474-1A3956D46DE8}") = "EventBus", "EventBus", "{E4088DB8-0B62-4105-B427-979B7A7B2A22}"
EndProject
Project("{FAE04EC0-301F-11D3-BF4B-00C04F79EFBC}") = "DynamicConfiguration.SharedKernel.Bus", "src\EventBus\DynamicConfiguration.SharedKernel.Bus\DynamicConfiguration.SharedKernel.Bus.csproj", "{9B9BEACC-C01B-4C8E-A315-02F86597F99C}"
EndProject
Project("{FAE04EC0-301F-11D3-BF4B-00C04F79EFBC}") = "DynamicConfiguration.Bus", "src\EventBus\DynamicConfiguration.Bus\DynamicConfiguration.Bus.csproj", "{D2B40E12-C987-47BD-A74C-7BC4261271BD}"
EndProject
Project("{2150E333-8FDC-42A3-9474-1A3956D46DE8}") = "tests", "tests", "{53E14114-402D-4264-AF3E-6E07C1850C56}"
EndProject
Project("{FAE04EC0-301F-11D3-BF4B-00C04F79EFBC}") = "DynamicConfiguration.UnitTests", "src\tests\DynamicConfiguration.UnitTests\DynamicConfiguration.UnitTests.csproj", "{0B2A2B7E-1A00-41ED-B7E6-277976EFC842}"
EndProject
Global
	GlobalSection(SolutionConfigurationPlatforms) = preSolution
		Debug|Any CPU = Debug|Any CPU
		Debug|x64 = Debug|x64
		Debug|x86 = Debug|x86
		Release|Any CPU = Release|Any CPU
		Release|x64 = Release|x64
		Release|x86 = Release|x86
	EndGlobalSection
	GlobalSection(ProjectConfigurationPlatforms) = postSolution
		{E4F1B55A-E3A8-41BE-82A0-B46FE52B278A}.Debug|Any CPU.ActiveCfg = Debug|Any CPU
		{E4F1B55A-E3A8-41BE-82A0-B46FE52B278A}.Debug|Any CPU.Build.0 = Debug|Any CPU
		{E4F1B55A-E3A8-41BE-82A0-B46FE52B278A}.Debug|x64.ActiveCfg = Debug|Any CPU
		{E4F1B55A-E3A8-41BE-82A0-B46FE52B278A}.Debug|x64.Build.0 = Debug|Any CPU
		{E4F1B55A-E3A8-41BE-82A0-B46FE52B278A}.Debug|x86.ActiveCfg = Debug|Any CPU
		{E4F1B55A-E3A8-41BE-82A0-B46FE52B278A}.Debug|x86.Build.0 = Debug|Any CPU
		{E4F1B55A-E3A8-41BE-82A0-B46FE52B278A}.Release|Any CPU.ActiveCfg = Release|Any CPU
		{E4F1B55A-E3A8-41BE-82A0-B46FE52B278A}.Release|Any CPU.Build.0 = Release|Any CPU
		{E4F1B55A-E3A8-41BE-82A0-B46FE52B278A}.Release|x64.ActiveCfg = Release|Any CPU
		{E4F1B55A-E3A8-41BE-82A0-B46FE52B278A}.Release|x64.Build.0 = Release|Any CPU
		{E4F1B55A-E3A8-41BE-82A0-B46FE52B278A}.Release|x86.ActiveCfg = Release|Any CPU
		{E4F1B55A-E3A8-41BE-82A0-B46FE52B278A}.Release|x86.Build.0 = Release|Any CPU
		{444C2D76-0F3F-4FF8-A8E6-DAD627E2AF7E}.Debug|Any CPU.ActiveCfg = Debug|Any CPU
		{444C2D76-0F3F-4FF8-A8E6-DAD627E2AF7E}.Debug|Any CPU.Build.0 = Debug|Any CPU
		{444C2D76-0F3F-4FF8-A8E6-DAD627E2AF7E}.Debug|x64.ActiveCfg = Debug|Any CPU
		{444C2D76-0F3F-4FF8-A8E6-DAD627E2AF7E}.Debug|x64.Build.0 = Debug|Any CPU
		{444C2D76-0F3F-4FF8-A8E6-DAD627E2AF7E}.Debug|x86.ActiveCfg = Debug|Any CPU
		{444C2D76-0F3F-4FF8-A8E6-DAD627E2AF7E}.Debug|x86.Build.0 = Debug|Any CPU
		{444C2D76-0F3F-4FF8-A8E6-DAD627E2AF7E}.Release|Any CPU.ActiveCfg = Release|Any CPU
		{444C2D76-0F3F-4FF8-A8E6-DAD627E2AF7E}.Release|Any CPU.Build.0 = Release|Any CPU
		{444C2D76-0F3F-4FF8-A8E6-DAD627E2AF7E}.Release|x64.ActiveCfg = Release|Any CPU
		{444C2D76-0F3F-4FF8-A8E6-DAD627E2AF7E}.Release|x64.Build.0 = Release|Any CPU
		{444C2D76-0F3F-4FF8-A8E6-DAD627E2AF7E}.Release|x86.ActiveCfg = Release|Any CPU
		{444C2D76-0F3F-4FF8-A8E6-DAD627E2AF7E}.Release|x86.Build.0 = Release|Any CPU
		{FAA87B6C-AE34-41C4-803A-6FDE231C58BD}.Debug|Any CPU.ActiveCfg = Debug|Any CPU
		{FAA87B6C-AE34-41C4-803A-6FDE231C58BD}.Debug|Any CPU.Build.0 = Debug|Any CPU
		{FAA87B6C-AE34-41C4-803A-6FDE231C58BD}.Debug|x64.ActiveCfg = Debug|Any CPU
		{FAA87B6C-AE34-41C4-803A-6FDE231C58BD}.Debug|x64.Build.0 = Debug|Any CPU
		{FAA87B6C-AE34-41C4-803A-6FDE231C58BD}.Debug|x86.ActiveCfg = Debug|Any CPU
		{FAA87B6C-AE34-41C4-803A-6FDE231C58BD}.Debug|x86.Build.0 = Debug|Any CPU
		{FAA87B6C-AE34-41C4-803A-6FDE231C58BD}.Release|Any CPU.ActiveCfg = Release|Any CPU
		{FAA87B6C-AE34-41C4-803A-6FDE231C58BD}.Release|Any CPU.Build.0 = Release|Any CPU
		{FAA87B6C-AE34-41C4-803A-6FDE231C58BD}.Release|x64.ActiveCfg = Release|Any CPU
		{FAA87B6C-AE34-41C4-803A-6FDE231C58BD}.Release|x64.Build.0 = Release|Any CPU
		{FAA87B6C-AE34-41C4-803A-6FDE231C58BD}.Release|x86.ActiveCfg = Release|Any CPU
		{FAA87B6C-AE34-41C4-803A-6FDE231C58BD}.Release|x86.Build.0 = Release|Any CPU
		{4B7FD279-E0B0-432D-AB12-D39E94F1E77E}.Debug|Any CPU.ActiveCfg = Debug|Any CPU
		{4B7FD279-E0B0-432D-AB12-D39E94F1E77E}.Debug|Any CPU.Build.0 = Debug|Any CPU
		{4B7FD279-E0B0-432D-AB12-D39E94F1E77E}.Debug|x64.ActiveCfg = Debug|Any CPU
		{4B7FD279-E0B0-432D-AB12-D39E94F1E77E}.Debug|x64.Build.0 = Debug|Any CPU
		{4B7FD279-E0B0-432D-AB12-D39E94F1E77E}.Debug|x86.ActiveCfg = Debug|Any CPU
		{4B7FD279-E0B0-432D-AB12-D39E94F1E77E}.Debug|x86.Build.0 = Debug|Any CPU
		{4B7FD279-E0B0-432D-AB12-D39E94F1E77E}.Release|Any CPU.ActiveCfg = Release|Any CPU
		{4B7FD279-E0B0-432D-AB12-D39E94F1E77E}.Release|Any CPU.Build.0 = Release|Any CPU
		{4B7FD279-E0B0-432D-AB12-D39E94F1E77E}.Release|x64.ActiveCfg = Release|Any CPU
		{4B7FD279-E0B0-432D-AB12-D39E94F1E77E}.Release|x64.Build.0 = Release|Any CPU
		{4B7FD279-E0B0-432D-AB12-D39E94F1E77E}.Release|x86.ActiveCfg = Release|Any CPU
		{4B7FD279-E0B0-432D-AB12-D39E94F1E77E}.Release|x86.Build.0 = Release|Any CPU
		{318862DF-F07F-42DB-8ED7-05E58DDD29A9}.Debug|Any CPU.ActiveCfg = Debug|Any CPU
		{318862DF-F07F-42DB-8ED7-05E58DDD29A9}.Debug|Any CPU.Build.0 = Debug|Any CPU
		{318862DF-F07F-42DB-8ED7-05E58DDD29A9}.Debug|x64.ActiveCfg = Debug|Any CPU
		{318862DF-F07F-42DB-8ED7-05E58DDD29A9}.Debug|x64.Build.0 = Debug|Any CPU
		{318862DF-F07F-42DB-8ED7-05E58DDD29A9}.Debug|x86.ActiveCfg = Debug|Any CPU
		{318862DF-F07F-42DB-8ED7-05E58DDD29A9}.Debug|x86.Build.0 = Debug|Any CPU
		{318862DF-F07F-42DB-8ED7-05E58DDD29A9}.Release|Any CPU.ActiveCfg = Release|Any CPU
		{318862DF-F07F-42DB-8ED7-05E58DDD29A9}.Release|Any CPU.Build.0 = Release|Any CPU
		{318862DF-F07F-42DB-8ED7-05E58DDD29A9}.Release|x64.ActiveCfg = Release|Any CPU
		{318862DF-F07F-42DB-8ED7-05E58DDD29A9}.Release|x64.Build.0 = Release|Any CPU
		{318862DF-F07F-42DB-8ED7-05E58DDD29A9}.Release|x86.ActiveCfg = Release|Any CPU
		{318862DF-F07F-42DB-8ED7-05E58DDD29A9}.Release|x86.Build.0 = Release|Any CPU
		{74C5DAFC-592B-44D3-8CBA-5E0A60868FFC}.Debug|Any CPU.ActiveCfg = Debug|Any CPU
		{74C5DAFC-592B-44D3-8CBA-5E0A60868FFC}.Debug|Any CPU.Build.0 = Debug|Any CPU
		{74C5DAFC-592B-44D3-8CBA-5E0A60868FFC}.Debug|x64.ActiveCfg = Debug|Any CPU
		{74C5DAFC-592B-44D3-8CBA-5E0A60868FFC}.Debug|x64.Build.0 = Debug|Any CPU
		{74C5DAFC-592B-44D3-8CBA-5E0A60868FFC}.Debug|x86.ActiveCfg = Debug|Any CPU
		{74C5DAFC-592B-44D3-8CBA-5E0A60868FFC}.Debug|x86.Build.0 = Debug|Any CPU
		{74C5DAFC-592B-44D3-8CBA-5E0A60868FFC}.Release|Any CPU.ActiveCfg = Release|Any CPU
		{74C5DAFC-592B-44D3-8CBA-5E0A60868FFC}.Release|Any CPU.Build.0 = Release|Any CPU
		{74C5DAFC-592B-44D3-8CBA-5E0A60868FFC}.Release|x64.ActiveCfg = Release|Any CPU
		{74C5DAFC-592B-44D3-8CBA-5E0A60868FFC}.Release|x64.Build.0 = Release|Any CPU
		{74C5DAFC-592B-44D3-8CBA-5E0A60868FFC}.Release|x86.ActiveCfg = Release|Any CPU
		{74C5DAFC-592B-44D3-8CBA-5E0A60868FFC}.Release|x86.Build.0 = Release|Any CPU
		{0B90BD3D-74A7-4051-A6F7-6DEF7A42681A}.Debug|Any CPU.ActiveCfg = Debug|Any CPU
		{0B90BD3D-74A7-4051-A6F7-6DEF7A42681A}.Debug|Any CPU.Build.0 = Debug|Any CPU
		{0B90BD3D-74A7-4051-A6F7-6DEF7A42681A}.Debug|x64.ActiveCfg = Debug|Any CPU
		{0B90BD3D-74A7-4051-A6F7-6DEF7A42681A}.Debug|x64.Build.0 = Debug|Any CPU
		{0B90BD3D-74A7-4051-A6F7-6DEF7A42681A}.Debug|x86.ActiveCfg = Debug|Any CPU
		{0B90BD3D-74A7-4051-A6F7-6DEF7A42681A}.Debug|x86.Build.0 = Debug|Any CPU
		{0B90BD3D-74A7-4051-A6F7-6DEF7A42681A}.Release|Any CPU.ActiveCfg = Release|Any CPU
		{0B90BD3D-74A7-4051-A6F7-6DEF7A42681A}.Release|Any CPU.Build.0 = Release|Any CPU
		{0B90BD3D-74A7-4051-A6F7-6DEF7A42681A}.Release|x64.ActiveCfg = Release|Any CPU
		{0B90BD3D-74A7-4051-A6F7-6DEF7A42681A}.Release|x64.Build.0 = Release|Any CPU
		{0B90BD3D-74A7-4051-A6F7-6DEF7A42681A}.Release|x86.ActiveCfg = Release|Any CPU
		{0B90BD3D-74A7-4051-A6F7-6DEF7A42681A}.Release|x86.Build.0 = Release|Any CPU
		{6CB55F68-9BB5-4EBC-9786-606A588BBAEA}.Debug|Any CPU.ActiveCfg = Debug|Any CPU
		{6CB55F68-9BB5-4EBC-9786-606A588BBAEA}.Debug|Any CPU.Build.0 = Debug|Any CPU
		{6CB55F68-9BB5-4EBC-9786-606A588BBAEA}.Debug|x64.ActiveCfg = Debug|Any CPU
		{6CB55F68-9BB5-4EBC-9786-606A588BBAEA}.Debug|x64.Build.0 = Debug|Any CPU
		{6CB55F68-9BB5-4EBC-9786-606A588BBAEA}.Debug|x86.ActiveCfg = Debug|Any CPU
		{6CB55F68-9BB5-4EBC-9786-606A588BBAEA}.Debug|x86.Build.0 = Debug|Any CPU
		{6CB55F68-9BB5-4EBC-9786-606A588BBAEA}.Release|Any CPU.ActiveCfg = Release|Any CPU
		{6CB55F68-9BB5-4EBC-9786-606A588BBAEA}.Release|Any CPU.Build.0 = Release|Any CPU
		{6CB55F68-9BB5-4EBC-9786-606A588BBAEA}.Release|x64.ActiveCfg = Release|Any CPU
		{6CB55F68-9BB5-4EBC-9786-606A588BBAEA}.Release|x64.Build.0 = Release|Any CPU
		{6CB55F68-9BB5-4EBC-9786-606A588BBAEA}.Release|x86.ActiveCfg = Release|Any CPU
		{6CB55F68-9BB5-4EBC-9786-606A588BBAEA}.Release|x86.Build.0 = Release|Any CPU
		{9FFD71FB-28A6-41C4-B8B9-D839A3C14862}.Debug|Any CPU.ActiveCfg = Debug|Any CPU
		{9FFD71FB-28A6-41C4-B8B9-D839A3C14862}.Debug|Any CPU.Build.0 = Debug|Any CPU
		{9FFD71FB-28A6-41C4-B8B9-D839A3C14862}.Debug|x64.ActiveCfg = Debug|Any CPU
		{9FFD71FB-28A6-41C4-B8B9-D839A3C14862}.Debug|x64.Build.0 = Debug|Any CPU
		{9FFD71FB-28A6-41C4-B8B9-D839A3C14862}.Debug|x86.ActiveCfg = Debug|Any CPU
		{9FFD71FB-28A6-41C4-B8B9-D839A3C14862}.Debug|x86.Build.0 = Debug|Any CPU
		{9FFD71FB-28A6-41C4-B8B9-D839A3C14862}.Release|Any CPU.ActiveCfg = Release|Any CPU
		{9FFD71FB-28A6-41C4-B8B9-D839A3C14862}.Release|Any CPU.Build.0 = Release|Any CPU
		{9FFD71FB-28A6-41C4-B8B9-D839A3C14862}.Release|x64.ActiveCfg = Release|Any CPU
		{9FFD71FB-28A6-41C4-B8B9-D839A3C14862}.Release|x64.Build.0 = Release|Any CPU
		{9FFD71FB-28A6-41C4-B8B9-D839A3C14862}.Release|x86.ActiveCfg = Release|Any CPU
		{9FFD71FB-28A6-41C4-B8B9-D839A3C14862}.Release|x86.Build.0 = Release|Any CPU
		{2ECBDF2E-30C6-4DBA-B02A-26394D9B47FB}.Debug|Any CPU.ActiveCfg = Debug|Any CPU
		{2ECBDF2E-30C6-4DBA-B02A-26394D9B47FB}.Debug|Any CPU.Build.0 = Debug|Any CPU
		{2ECBDF2E-30C6-4DBA-B02A-26394D9B47FB}.Debug|x64.ActiveCfg = Debug|Any CPU
		{2ECBDF2E-30C6-4DBA-B02A-26394D9B47FB}.Debug|x64.Build.0 = Debug|Any CPU
		{2ECBDF2E-30C6-4DBA-B02A-26394D9B47FB}.Debug|x86.ActiveCfg = Debug|Any CPU
		{2ECBDF2E-30C6-4DBA-B02A-26394D9B47FB}.Debug|x86.Build.0 = Debug|Any CPU
		{2ECBDF2E-30C6-4DBA-B02A-26394D9B47FB}.Release|Any CPU.ActiveCfg = Release|Any CPU
		{2ECBDF2E-30C6-4DBA-B02A-26394D9B47FB}.Release|Any CPU.Build.0 = Release|Any CPU
		{2ECBDF2E-30C6-4DBA-B02A-26394D9B47FB}.Release|x64.ActiveCfg = Release|Any CPU
		{2ECBDF2E-30C6-4DBA-B02A-26394D9B47FB}.Release|x64.Build.0 = Release|Any CPU
		{2ECBDF2E-30C6-4DBA-B02A-26394D9B47FB}.Release|x86.ActiveCfg = Release|Any CPU
		{2ECBDF2E-30C6-4DBA-B02A-26394D9B47FB}.Release|x86.Build.0 = Release|Any CPU
		{2D993290-D65E-44DB-8C12-10455B003B51}.Debug|Any CPU.ActiveCfg = Debug|Any CPU
		{2D993290-D65E-44DB-8C12-10455B003B51}.Debug|Any CPU.Build.0 = Debug|Any CPU
		{2D993290-D65E-44DB-8C12-10455B003B51}.Debug|x64.ActiveCfg = Debug|Any CPU
		{2D993290-D65E-44DB-8C12-10455B003B51}.Debug|x64.Build.0 = Debug|Any CPU
		{2D993290-D65E-44DB-8C12-10455B003B51}.Debug|x86.ActiveCfg = Debug|Any CPU
		{2D993290-D65E-44DB-8C12-10455B003B51}.Debug|x86.Build.0 = Debug|Any CPU
		{2D993290-D65E-44DB-8C12-10455B003B51}.Release|Any CPU.ActiveCfg = Release|Any CPU
		{2D993290-D65E-44DB-8C12-10455B003B51}.Release|Any CPU.Build.0 = Release|Any CPU
		{2D993290-D65E-44DB-8C12-10455B003B51}.Release|x64.ActiveCfg = Release|Any CPU
		{2D993290-D65E-44DB-8C12-10455B003B51}.Release|x64.Build.0 = Release|Any CPU
		{2D993290-D65E-44DB-8C12-10455B003B51}.Release|x86.ActiveCfg = Release|Any CPU
		{2D993290-D65E-44DB-8C12-10455B003B51}.Release|x86.Build.0 = Release|Any CPU
		{9B9BEACC-C01B-4C8E-A315-02F86597F99C}.Debug|Any CPU.ActiveCfg = Debug|Any CPU
		{9B9BEACC-C01B-4C8E-A315-02F86597F99C}.Debug|Any CPU.Build.0 = Debug|Any CPU
		{9B9BEACC-C01B-4C8E-A315-02F86597F99C}.Debug|x64.ActiveCfg = Debug|Any CPU
		{9B9BEACC-C01B-4C8E-A315-02F86597F99C}.Debug|x64.Build.0 = Debug|Any CPU
		{9B9BEACC-C01B-4C8E-A315-02F86597F99C}.Debug|x86.ActiveCfg = Debug|Any CPU
		{9B9BEACC-C01B-4C8E-A315-02F86597F99C}.Debug|x86.Build.0 = Debug|Any CPU
		{9B9BEACC-C01B-4C8E-A315-02F86597F99C}.Release|Any CPU.ActiveCfg = Release|Any CPU
		{9B9BEACC-C01B-4C8E-A315-02F86597F99C}.Release|Any CPU.Build.0 = Release|Any CPU
		{9B9BEACC-C01B-4C8E-A315-02F86597F99C}.Release|x64.ActiveCfg = Release|Any CPU
		{9B9BEACC-C01B-4C8E-A315-02F86597F99C}.Release|x64.Build.0 = Release|Any CPU
		{9B9BEACC-C01B-4C8E-A315-02F86597F99C}.Release|x86.ActiveCfg = Release|Any CPU
		{9B9BEACC-C01B-4C8E-A315-02F86597F99C}.Release|x86.Build.0 = Release|Any CPU
		{D2B40E12-C987-47BD-A74C-7BC4261271BD}.Debug|Any CPU.ActiveCfg = Debug|Any CPU
		{D2B40E12-C987-47BD-A74C-7BC4261271BD}.Debug|Any CPU.Build.0 = Debug|Any CPU
		{D2B40E12-C987-47BD-A74C-7BC4261271BD}.Debug|x64.ActiveCfg = Debug|Any CPU
		{D2B40E12-C987-47BD-A74C-7BC4261271BD}.Debug|x64.Build.0 = Debug|Any CPU
		{D2B40E12-C987-47BD-A74C-7BC4261271BD}.Debug|x86.ActiveCfg = Debug|Any CPU
		{D2B40E12-C987-47BD-A74C-7BC4261271BD}.Debug|x86.Build.0 = Debug|Any CPU
		{D2B40E12-C987-47BD-A74C-7BC4261271BD}.Release|Any CPU.ActiveCfg = Release|Any CPU
		{D2B40E12-C987-47BD-A74C-7BC4261271BD}.Release|Any CPU.Build.0 = Release|Any CPU
		{D2B40E12-C987-47BD-A74C-7BC4261271BD}.Release|x64.ActiveCfg = Release|Any CPU
		{D2B40E12-C987-47BD-A74C-7BC4261271BD}.Release|x64.Build.0 = Release|Any CPU
		{D2B40E12-C987-47BD-A74C-7BC4261271BD}.Release|x86.ActiveCfg = Release|Any CPU
		{D2B40E12-C987-47BD-A74C-7BC4261271BD}.Release|x86.Build.0 = Release|Any CPU
		{0B2A2B7E-1A00-41ED-B7E6-277976EFC842}.Debug|Any CPU.ActiveCfg = Debug|Any CPU
		{0B2A2B7E-1A00-41ED-B7E6-277976EFC842}.Debug|Any CPU.Build.0 = Debug|Any CPU
		{0B2A2B7E-1A00-41ED-B7E6-277976EFC842}.Debug|x64.ActiveCfg = Debug|Any CPU
		{0B2A2B7E-1A00-41ED-B7E6-277976EFC842}.Debug|x64.Build.0 = Debug|Any CPU
		{0B2A2B7E-1A00-41ED-B7E6-277976EFC842}.Debug|x86.ActiveCfg = Debug|Any CPU
		{0B2A2B7E-1A00-41ED-B7E6-277976EFC842}.Debug|x86.Build.0 = Debug|Any CPU
		{0B2A2B7E-1A00-41ED-B7E6-277976EFC842}.Release|Any CPU.ActiveCfg = Release|Any CPU
		{0B2A2B7E-1A00-41ED-B7E6-277976EFC842}.Release|Any CPU.Build.0 = Release|Any CPU
		{0B2A2B7E-1A00-41ED-B7E6-277976EFC842}.Release|x64.ActiveCfg = Release|Any CPU
		{0B2A2B7E-1A00-41ED-B7E6-277976EFC842}.Release|x64.Build.0 = Release|Any CPU
		{0B2A2B7E-1A00-41ED-B7E6-277976EFC842}.Release|x86.ActiveCfg = Release|Any CPU
		{0B2A2B7E-1A00-41ED-B7E6-277976EFC842}.Release|x86.Build.0 = Release|Any CPU
	EndGlobalSection
	GlobalSection(SolutionProperties) = preSolution
		HideSolutionNode = FALSE
	EndGlobalSection
	GlobalSection(NestedProjects) = preSolution
		{69A66D22-38B5-4276-84D5-32DFEA5249CE} = {6E2EC90C-A3F9-4D32-BB03-D9B4C6FC1732}
		{E4F1B55A-E3A8-41BE-82A0-B46FE52B278A} = {69A66D22-38B5-4276-84D5-32DFEA5249CE}
		{444C2D76-0F3F-4FF8-A8E6-DAD627E2AF7E} = {69A66D22-38B5-4276-84D5-32DFEA5249CE}
		{EC05F293-2203-42D6-805E-77082BFB516A} = {6E2EC90C-A3F9-4D32-BB03-D9B4C6FC1732}
		{FAA87B6C-AE34-41C4-803A-6FDE231C58BD} = {EC05F293-2203-42D6-805E-77082BFB516A}
		{4B7FD279-E0B0-432D-AB12-D39E94F1E77E} = {EC05F293-2203-42D6-805E-77082BFB516A}
		{1BC77BFA-0074-4D02-A687-DA50437D0C4C} = {6E2EC90C-A3F9-4D32-BB03-D9B4C6FC1732}
		{318862DF-F07F-42DB-8ED7-05E58DDD29A9} = {1BC77BFA-0074-4D02-A687-DA50437D0C4C}
		{74C5DAFC-592B-44D3-8CBA-5E0A60868FFC} = {1BC77BFA-0074-4D02-A687-DA50437D0C4C}
		{0B90BD3D-74A7-4051-A6F7-6DEF7A42681A} = {EC05F293-2203-42D6-805E-77082BFB516A}
		{3489666E-1725-4175-A358-6FC3B2558AEB} = {6E2EC90C-A3F9-4D32-BB03-D9B4C6FC1732}
		{6CB55F68-9BB5-4EBC-9786-606A588BBAEA} = {3489666E-1725-4175-A358-6FC3B2558AEB}
		{9FFD71FB-28A6-41C4-B8B9-D839A3C14862} = {3489666E-1725-4175-A358-6FC3B2558AEB}
		{2ECBDF2E-30C6-4DBA-B02A-26394D9B47FB} = {3489666E-1725-4175-A358-6FC3B2558AEB}
		{2D993290-D65E-44DB-8C12-10455B003B51} = {69A66D22-38B5-4276-84D5-32DFEA5249CE}
		{E4088DB8-0B62-4105-B427-979B7A7B2A22} = {6E2EC90C-A3F9-4D32-BB03-D9B4C6FC1732}
		{9B9BEACC-C01B-4C8E-A315-02F86597F99C} = {E4088DB8-0B62-4105-B427-979B7A7B2A22}
		{D2B40E12-C987-47BD-A74C-7BC4261271BD} = {E4088DB8-0B62-4105-B427-979B7A7B2A22}
		{53E14114-402D-4264-AF3E-6E07C1850C56} = {6E2EC90C-A3F9-4D32-BB03-D9B4C6FC1732}
		{0B2A2B7E-1A00-41ED-B7E6-277976EFC842} = {53E14114-402D-4264-AF3E-6E07C1850C56}
	EndGlobalSection
	GlobalSection(ExtensibilityGlobals) = postSolution
		SolutionGuid = {4C925643-18C9-41AA-A7E3-A04F14329F82}
	EndGlobalSection
EndGlobal
